{
  "nodes": {
    "nix-ada": {
      "inputs": {
        "nixpkgs": "nixpkgs"
      },
      "locked": {
        "lastModified": 1775352121,
        "narHash": "sha256-ga4s4W6hDxDQKY6EZ62Q71zGzFx0wA277MrC6hLyyPo=",
        "owner": "andrewathalye",
        "repo": "nix-ada",
        "rev": "2c88589aeeb0a15212077e6f09da74c6d50055f7",
        "type": "github"
      },
      "original": {
        "owner": "andrewathalye",
        "repo": "nix-ada",
        "type": "github"
      }
    },
    "nixpkgs": {
      "locked": {
        "lastModified": 1775002709,
        "narHash": "sha256-d3Yx83vSrN+2z/loBh4mJpyRqr9aAJqlke4TkpFmRJA=",
        "owner": "NixOS",
        "repo": "nixpkgs",
        "rev": "bcd464ccd2a1a7cd09aa2f8d4ffba83b761b1d0e",
        "type": "github"
      },
      "original": {
        "owner": "NixOS",
        "ref": "nixos-25.11",
        "repo": "nixpkgs",
        "type": "github"
      }
    },
    "nixpkgs_2": {
      "locked": {
        "lastModified": 1785133411,
        "narHash": "sha256-Yjv0WEg39KRYS0rBdTbu6Fc/or/ihAKk13W9sQ6VWd0=",
        "owner": "NixOS",
        "repo": "nixpkgs",
        "rev": "2f5a153c270b70cb0f8c11f46d96d6d3bc39f4e3",
        "type": "github"
      },
      "original": {
        "owner": "NixOS",
        "ref": "nixos-26.05",
        "repo": "nixpkgs",
        "type": "github"
      }
    },
    "root": {
      "inputs": {
        "nix-ada": "nix-ada",
        "nixpkgs": "nixpkgs_2"
      }
    }
  },
  "root": "root",
  "version": 7
}
